
Microsoft Visual Studio Solution File, Format Version 12.00
# Visual Studio 2013
VisualStudioVersion = 12.0.31101.0
MinimumVisualStudioVersion = 10.0.40219.1
Project("{FAE04EC0-301F-11D3-BF4B-00C04F79EFBC}") = "RallyCat.Core.Tests", "RallyCat.Core.Tests\RallyCat.Core.Tests.csproj", "{9243B1B2-34FE-4A5F-96C9-90BDC63B28D0}"
EndProject
Project("{FAE04EC0-301F-11D3-BF4B-00C04F79EFBC}") = "RallyCat.Core", "RallyCat.Core\RallyCat.Core.csproj", "{4B74368A-4E79-4B17-84EF-5471C4C7D315}"
EndProject
Project("{FAE04EC0-301F-11D3-BF4B-00C04F79EFBC}") = "RallyCat.WebApi", "RallyCat.WebApi\RallyCat.WebApi.csproj", "{664A8620-7279-43AE-B528-48CAB4681ECA}"
EndProject
Project("{FAE04EC0-301F-11D3-BF4B-00C04F79EFBC}") = "RallyCat.WebApi.Tests", "RallyCat.WebApi.Tests\RallyCat.WebApi.Tests.csproj", "{3B392570-B450-46AF-8446-152F8F1B5EC7}"
EndProject
Project("{2150E333-8FDC-42A3-9474-1A3956D46DE8}") = "References", "References", "{2B759EE3-F25F-484F-839E-F1585E9DA8EC}"
EndProject
Project("{2150E333-8FDC-42A3-9474-1A3956D46DE8}") = "Rally", "Rally", "{3B68A63C-812A-4ECD-92F3-0246EDD4A15E}"
	ProjectSection(SolutionItems) = preProject
		References\Rally\Rally.RestApi.dll = References\Rally\Rally.RestApi.dll
	EndProjectSection
EndProject
Project("{2150E333-8FDC-42A3-9474-1A3956D46DE8}") = "Html", "Html", "{C3880A24-76BB-403E-980D-4301FD595E8A}"
	ProjectSection(SolutionItems) = preProject
		References\Html\HtmlAgilityPack.dll = References\Html\HtmlAgilityPack.dll
		References\Html\HtmlRenderer.dll = References\Html\HtmlRenderer.dll
	EndProjectSection
EndProject
Global
	GlobalSection(SolutionConfigurationPlatforms) = preSolution
		Debug|Any CPU = Debug|Any CPU
		Release|Any CPU = Release|Any CPU
	EndGlobalSection
	GlobalSection(ProjectConfigurationPlatforms) = postSolution
		{9243B1B2-34FE-4A5F-96C9-90BDC63B28D0}.Debug|Any CPU.ActiveCfg = Debug|Any CPU
		{9243B1B2-34FE-4A5F-96C9-90BDC63B28D0}.Debug|Any CPU.Build.0 = Debug|Any CPU
		{9243B1B2-34FE-4A5F-96C9-90BDC63B28D0}.Release|Any CPU.ActiveCfg = Release|Any CPU
		{9243B1B2-34FE-4A5F-96C9-90BDC63B28D0}.Release|Any CPU.Build.0 = Release|Any CPU
		{4B74368A-4E79-4B17-84EF-5471C4C7D315}.Debug|Any CPU.ActiveCfg = Debug|Any CPU
		{4B74368A-4E79-4B17-84EF-5471C4C7D315}.Debug|Any CPU.Build.0 = Debug|Any CPU
		{4B74368A-4E79-4B17-84EF-5471C4C7D315}.Release|Any CPU.ActiveCfg = Release|Any CPU
		{4B74368A-4E79-4B17-84EF-5471C4C7D315}.Release|Any CPU.Build.0 = Release|Any CPU
		{664A8620-7279-43AE-B528-48CAB4681ECA}.Debug|Any CPU.ActiveCfg = Debug|Any CPU
		{664A8620-7279-43AE-B528-48CAB4681ECA}.Debug|Any CPU.Build.0 = Debug|Any CPU
		{664A8620-7279-43AE-B528-48CAB4681ECA}.Release|Any CPU.ActiveCfg = Release|Any CPU
		{664A8620-7279-43AE-B528-48CAB4681ECA}.Release|Any CPU.Build.0 = Release|Any CPU
		{3B392570-B450-46AF-8446-152F8F1B5EC7}.Debug|Any CPU.ActiveCfg = Debug|Any CPU
		{3B392570-B450-46AF-8446-152F8F1B5EC7}.Debug|Any CPU.Build.0 = Debug|Any CPU
		{3B392570-B450-46AF-8446-152F8F1B5EC7}.Release|Any CPU.ActiveCfg = Release|Any CPU
		{3B392570-B450-46AF-8446-152F8F1B5EC7}.Release|Any CPU.Build.0 = Release|Any CPU
	EndGlobalSection
	GlobalSection(SolutionProperties) = preSolution
		HideSolutionNode = FALSE
	EndGlobalSection
	GlobalSection(NestedProjects) = preSolution
		{3B68A63C-812A-4ECD-92F3-0246EDD4A15E} = {2B759EE3-F25F-484F-839E-F1585E9DA8EC}
		{C3880A24-76BB-403E-980D-4301FD595E8A} = {2B759EE3-F25F-484F-839E-F1585E9DA8EC}
	EndGlobalSection
EndGlobal
